{
  "name": "teenpattisolver",
  "version": "1.0.0",
  "lockfileVersion": 1,
  "requires": true,
  "dependencies": {
    "js-combinatorics": {
      "version": "0.5.2",
      "resolved": "https://registry.npmjs.org/js-combinatorics/-/js-combinatorics-0.5.2.tgz",
      "integrity": "sha1-8GB0kjLqG3cAdv+XrtbPqatBuPQ="
    },
    "lodash": {
      "version": "4.17.4",
      "resolved": "https://registry.npmjs.org/lodash/-/lodash-4.17.4.tgz",
      "integrity": "sha1-eCA6TRwyiuHYbcpkYONptX9AVa4="
    }
  }
}
